
Microsoft Visual Studio Solution File, Format Version 12.00
# Visual Studio Version 17
VisualStudioVersion = 17.4.33103.184
MinimumVisualStudioVersion = 10.0.40219.1
Project("{FAE04EC0-301F-11D3-BF4B-00C04F79EFBC}") = "AdventOfCode0101", "AdventOfCode0101\AdventOfCode0101.csproj", "{D7D81045-DB43-4F0B-ABD7-BCBEE3A80D65}"
EndProject
Project("{FAE04EC0-301F-11D3-BF4B-00C04F79EFBC}") = "AdventOfCode0102", "AdventOfCode0102\AdventOfCode0102.csproj", "{F48863A9-F85C-45A5-B028-116EE7584B3A}"
EndProject
Project("{FAE04EC0-301F-11D3-BF4B-00C04F79EFBC}") = "AdventOfCode0201", "AdventOfCode0201\AdventOfCode0201.csproj", "{7AAD66C5-F8B8-4A2D-854F-067A2DADA9F1}"
EndProject
Project("{FAE04EC0-301F-11D3-BF4B-00C04F79EFBC}") = "AdventOfCode0202", "AdventOfCode0202\AdventOfCode0202.csproj", "{83B933C9-6C51-4F22-88F0-FF8BF779511E}"
EndProject
Project("{FAE04EC0-301F-11D3-BF4B-00C04F79EFBC}") = "AdventOfCode0301", "AdventOfCode0301\AdventOfCode0301.csproj", "{AE65A9A8-5053-47DD-9B1E-15EC5B2162AF}"
EndProject
Project("{FAE04EC0-301F-11D3-BF4B-00C04F79EFBC}") = "AdventOfCode0302", "AdventOfCode0302\AdventOfCode0302.csproj", "{4CDD7056-5AA5-4657-AC3F-C8AFD24127CC}"
EndProject
Project("{FAE04EC0-301F-11D3-BF4B-00C04F79EFBC}") = "AdventOfCode0401", "AdventOfCode0401\AdventOfCode0401.csproj", "{81464E71-3347-40F0-B666-5EEAD65C6BF5}"
EndProject
Project("{FAE04EC0-301F-11D3-BF4B-00C04F79EFBC}") = "AdventOfCode0402", "AdventOfCode0402\AdventOfCode0402.csproj", "{CA13B726-5E3E-47F8-B6BF-2A2DD8EFF862}"
EndProject
Global
	GlobalSection(SolutionConfigurationPlatforms) = preSolution
		Debug|Any CPU = Debug|Any CPU
		Release|Any CPU = Release|Any CPU
	EndGlobalSection
	GlobalSection(ProjectConfigurationPlatforms) = postSolution
		{D7D81045-DB43-4F0B-ABD7-BCBEE3A80D65}.Debug|Any CPU.ActiveCfg = Debug|Any CPU
		{D7D81045-DB43-4F0B-ABD7-BCBEE3A80D65}.Debug|Any CPU.Build.0 = Debug|Any CPU
		{D7D81045-DB43-4F0B-ABD7-BCBEE3A80D65}.Release|Any CPU.ActiveCfg = Release|Any CPU
		{D7D81045-DB43-4F0B-ABD7-BCBEE3A80D65}.Release|Any CPU.Build.0 = Release|Any CPU
		{F48863A9-F85C-45A5-B028-116EE7584B3A}.Debug|Any CPU.ActiveCfg = Debug|Any CPU
		{F48863A9-F85C-45A5-B028-116EE7584B3A}.Debug|Any CPU.Build.0 = Debug|Any CPU
		{F48863A9-F85C-45A5-B028-116EE7584B3A}.Release|Any CPU.ActiveCfg = Release|Any CPU
		{F48863A9-F85C-45A5-B028-116EE7584B3A}.Release|Any CPU.Build.0 = Release|Any CPU
		{7AAD66C5-F8B8-4A2D-854F-067A2DADA9F1}.Debug|Any CPU.ActiveCfg = Debug|Any CPU
		{7AAD66C5-F8B8-4A2D-854F-067A2DADA9F1}.Debug|Any CPU.Build.0 = Debug|Any CPU
		{7AAD66C5-F8B8-4A2D-854F-067A2DADA9F1}.Release|Any CPU.ActiveCfg = Release|Any CPU
		{7AAD66C5-F8B8-4A2D-854F-067A2DADA9F1}.Release|Any CPU.Build.0 = Release|Any CPU
		{83B933C9-6C51-4F22-88F0-FF8BF779511E}.Debug|Any CPU.ActiveCfg = Debug|Any CPU
		{83B933C9-6C51-4F22-88F0-FF8BF779511E}.Debug|Any CPU.Build.0 = Debug|Any CPU
		{83B933C9-6C51-4F22-88F0-FF8BF779511E}.Release|Any CPU.ActiveCfg = Release|Any CPU
		{83B933C9-6C51-4F22-88F0-FF8BF779511E}.Release|Any CPU.Build.0 = Release|Any CPU
		{AE65A9A8-5053-47DD-9B1E-15EC5B2162AF}.Debug|Any CPU.ActiveCfg = Debug|Any CPU
		{AE65A9A8-5053-47DD-9B1E-15EC5B2162AF}.Debug|Any CPU.Build.0 = Debug|Any CPU
		{AE65A9A8-5053-47DD-9B1E-15EC5B2162AF}.Release|Any CPU.ActiveCfg = Release|Any CPU
		{AE65A9A8-5053-47DD-9B1E-15EC5B2162AF}.Release|Any CPU.Build.0 = Release|Any CPU
		{4CDD7056-5AA5-4657-AC3F-C8AFD24127CC}.Debug|Any CPU.ActiveCfg = Debug|Any CPU
		{4CDD7056-5AA5-4657-AC3F-C8AFD24127CC}.Debug|Any CPU.Build.0 = Debug|Any CPU
		{4CDD7056-5AA5-4657-AC3F-C8AFD24127CC}.Release|Any CPU.ActiveCfg = Release|Any CPU
		{4CDD7056-5AA5-4657-AC3F-C8AFD24127CC}.Release|Any CPU.Build.0 = Release|Any CPU
		{81464E71-3347-40F0-B666-5EEAD65C6BF5}.Debug|Any CPU.ActiveCfg = Debug|Any CPU
		{81464E71-3347-40F0-B666-5EEAD65C6BF5}.Debug|Any CPU.Build.0 = Debug|Any CPU
		{81464E71-3347-40F0-B666-5EEAD65C6BF5}.Release|Any CPU.ActiveCfg = Release|Any CPU
		{81464E71-3347-40F0-B666-5EEAD65C6BF5}.Release|Any CPU.Build.0 = Release|Any CPU
		{CA13B726-5E3E-47F8-B6BF-2A2DD8EFF862}.Debug|Any CPU.ActiveCfg = Debug|Any CPU
		{CA13B726-5E3E-47F8-B6BF-2A2DD8EFF862}.Debug|Any CPU.Build.0 = Debug|Any CPU
		{CA13B726-5E3E-47F8-B6BF-2A2DD8EFF862}.Release|Any CPU.ActiveCfg = Release|Any CPU
		{CA13B726-5E3E-47F8-B6BF-2A2DD8EFF862}.Release|Any CPU.Build.0 = Release|Any CPU
	EndGlobalSection
	GlobalSection(SolutionProperties) = preSolution
		HideSolutionNode = FALSE
	EndGlobalSection
	GlobalSection(ExtensibilityGlobals) = postSolution
		SolutionGuid = {A33F5551-E39F-4DAB-8816-1F8042644591}
	EndGlobalSection
EndGlobal
